
Microsoft Visual Studio Solution File, Format Version 12.00
# Visual Studio Version 17
VisualStudioVersion = 17.10.35027.167
MinimumVisualStudioVersion = 10.0.40219.1
Project("{FAE04EC0-301F-11D3-BF4B-00C04F79EFBC}") = "RuyaManavi", "RuyaManavi\RuyaManavi.csproj", "{026CBEF3-F61A-4F17-B9E1-4E2EF8665C44}"
EndProject
Global
	GlobalSection(SolutionConfigurationPlatforms) = preSolution
		Debug|Any CPU = Debug|Any CPU
		Release|Any CPU = Release|Any CPU
	EndGlobalSection
	GlobalSection(ProjectConfigurationPlatforms) = postSolution
		{026CBEF3-F61A-4F17-B9E1-4E2EF8665C44}.Debug|Any CPU.ActiveCfg = Debug|Any CPU
		{026CBEF3-F61A-4F17-B9E1-4E2EF8665C44}.Debug|Any CPU.Build.0 = Debug|Any CPU
		{026CBEF3-F61A-4F17-B9E1-4E2EF8665C44}.Release|Any CPU.ActiveCfg = Release|Any CPU
		{026CBEF3-F61A-4F17-B9E1-4E2EF8665C44}.Release|Any CPU.Build.0 = Release|Any CPU
	EndGlobalSection
	GlobalSection(SolutionProperties) = preSolution
		HideSolutionNode = FALSE
	EndGlobalSection
	GlobalSection(ExtensibilityGlobals) = postSolution
		SolutionGuid = {4DB857A0-CD9D-49F1-B540-8464D24E54F6}
	EndGlobalSection
EndGlobal
